
Microsoft Visual Studio Solution File, Format Version 12.00
# Visual Studio Version 16
VisualStudioVersion = 25.0.1706.0
MinimumVisualStudioVersion = 10.0.40219.1
Project("{2150E333-8FDC-42A3-9474-1A3956D46DE8}") = "Solution Items", "Solution Items", "{2C484DD8-4519-4220-BC4B-1FB799E669C2}"
	ProjectSection(SolutionItems) = preProject
		.editorconfig = .editorconfig
		GlobalSuppressions.cs = GlobalSuppressions.cs
		nuget.config = nuget.config
		README.md = README.md
	EndProjectSection
EndProject
Project("{2150E333-8FDC-42A3-9474-1A3956D46DE8}") = "src", "src", "{45EA8B9A-49B1-4FA6-95C6-DCCCF2DAF27E}"
	ProjectSection(SolutionItems) = preProject
		src\Directory.Packages.props = src\Directory.Packages.props
	EndProjectSection
EndProject
Project("{FAE04EC0-301F-11D3-BF4B-00C04F79EFBC}") = "JordiAragon.SharedKernel", "src\JordiAragon.SharedKernel\JordiAragon.SharedKernel.csproj", "{EBB80943-5B05-4780-8605-3C4FB8872FEF}"
EndProject
Project("{FAE04EC0-301F-11D3-BF4B-00C04F79EFBC}") = "JordiAragon.SharedKernel.Domain.Contracts", "src\JordiAragon.SharedKernel.Domain.Contracts\JordiAragon.SharedKernel.Domain.Contracts.csproj", "{1BE22D47-34B1-48F5-91F2-82BE5194B5C0}"
EndProject
Project("{FAE04EC0-301F-11D3-BF4B-00C04F79EFBC}") = "JordiAragon.SharedKernel.Domain", "src\JordiAragon.SharedKernel.Domain\JordiAragon.SharedKernel.Domain.csproj", "{A6301152-5D4A-4746-8A77-1E6200DE7EF9}"
EndProject
Project("{FAE04EC0-301F-11D3-BF4B-00C04F79EFBC}") = "JordiAragon.SharedKernel.Application.Contracts", "src\JordiAragon.SharedKernel.Application.Contracts\JordiAragon.SharedKernel.Application.Contracts.csproj", "{CB260800-3D5C-4A29-8135-B3F6F821FEB7}"
EndProject
Project("{FAE04EC0-301F-11D3-BF4B-00C04F79EFBC}") = "JordiAragon.SharedKernel.Presentation.WebApi.Contracts", "src\JordiAragon.SharedKernel.Presentation.WebApi.Contracts\JordiAragon.SharedKernel.Presentation.WebApi.Contracts.csproj", "{E5B0D876-9986-4543-81FB-D073D82B0268}"
EndProject
Project("{FAE04EC0-301F-11D3-BF4B-00C04F79EFBC}") = "JordiAragon.SharedKernel.Application", "src\JordiAragon.SharedKernel.Application\JordiAragon.SharedKernel.Application.csproj", "{4DC27A5E-2099-471D-B712-027B4FAA9E42}"
EndProject
Project("{FAE04EC0-301F-11D3-BF4B-00C04F79EFBC}") = "JordiAragon.SharedKernel.Presentation.WebApi", "src\JordiAragon.SharedKernel.Presentation.WebApi\JordiAragon.SharedKernel.Presentation.WebApi.csproj", "{1A7B23A4-F0F8-4179-874F-FFE8C33A31E0}"
EndProject
Project("{FAE04EC0-301F-11D3-BF4B-00C04F79EFBC}") = "JordiAragon.SharedKernel.Infrastructure.EntityFramework", "src\JordiAragon.SharedKernel.Infrastructure.EntityFramework\JordiAragon.SharedKernel.Infrastructure.EntityFramework.csproj", "{A8114961-847C-4BC9-BED6-5C6A3E8D4F3F}"
EndProject
Project("{FAE04EC0-301F-11D3-BF4B-00C04F79EFBC}") = "JordiAragon.SharedKernel.Contracts", "src\JordiAragon.SharedKernel.Contracts\JordiAragon.SharedKernel.Contracts.csproj", "{B6BECF65-B4DC-45F1-ABF3-148E292A9574}"
EndProject
Project("{FAE04EC0-301F-11D3-BF4B-00C04F79EFBC}") = "JordiAragon.SharedKernel.Application.Contracts.IntegrationMessages", "src\JordiAragon.SharedKernel.Application.Contracts.IntegrationMessages\JordiAragon.SharedKernel.Application.Contracts.IntegrationMessages.csproj", "{66F24904-2CBB-40B8-97F6-42AF787788B8}"
EndProject
Project("{FAE04EC0-301F-11D3-BF4B-00C04F79EFBC}") = "JordiAragon.SharedKernel.Infrastructure", "src\JordiAragon.SharedKernel.Infrastructure\JordiAragon.SharedKernel.Infrastructure.csproj", "{F8CF1D41-56D8-4CC4-B515-A289B58A52F7}"
EndProject
Project("{FAE04EC0-301F-11D3-BF4B-00C04F79EFBC}") = "JordiAragon.SharedKernel.Infrastructure.EventStore", "src\JordiAragon.SharedKernel.Infrastructure.EventStore\JordiAragon.SharedKernel.Infrastructure.EventStore.csproj", "{796BE02B-A145-4719-9A4E-21676F660BC5}"
EndProject
Project("{2150E333-8FDC-42A3-9474-1A3956D46DE8}") = "tests", "tests", "{662332CB-460C-4BEE-8AC1-7C351346C783}"
	ProjectSection(SolutionItems) = preProject
		tests\Directory.Packages.props = tests\Directory.Packages.props
	EndProjectSection
EndProject
Project("{2150E333-8FDC-42A3-9474-1A3956D46DE8}") = "ArchitectureTests", "ArchitectureTests", "{7F1AD85A-BEF9-4443-96AC-B2F02E1F8D83}"
EndProject
Project("{FAE04EC0-301F-11D3-BF4B-00C04F79EFBC}") = "JordiAragon.SharedKernel.ArchitectureTests", "tests\ArchitectureTests\JordiAragon.SharedKernel.ArchitectureTests\JordiAragon.SharedKernel.ArchitectureTests.csproj", "{4256D37C-DFA6-4BE0-916A-338DED54C7D2}"
EndProject
Global
	GlobalSection(SolutionConfigurationPlatforms) = preSolution
		Debug|Any CPU = Debug|Any CPU
		Release|Any CPU = Release|Any CPU
	EndGlobalSection
	GlobalSection(ProjectConfigurationPlatforms) = postSolution
		{EBB80943-5B05-4780-8605-3C4FB8872FEF}.Debug|Any CPU.ActiveCfg = Debug|Any CPU
		{EBB80943-5B05-4780-8605-3C4FB8872FEF}.Debug|Any CPU.Build.0 = Debug|Any CPU
		{EBB80943-5B05-4780-8605-3C4FB8872FEF}.Release|Any CPU.ActiveCfg = Release|Any CPU
		{EBB80943-5B05-4780-8605-3C4FB8872FEF}.Release|Any CPU.Build.0 = Release|Any CPU
		{1BE22D47-34B1-48F5-91F2-82BE5194B5C0}.Debug|Any CPU.ActiveCfg = Debug|Any CPU
		{1BE22D47-34B1-48F5-91F2-82BE5194B5C0}.Debug|Any CPU.Build.0 = Debug|Any CPU
		{1BE22D47-34B1-48F5-91F2-82BE5194B5C0}.Release|Any CPU.ActiveCfg = Release|Any CPU
		{1BE22D47-34B1-48F5-91F2-82BE5194B5C0}.Release|Any CPU.Build.0 = Release|Any CPU
		{A6301152-5D4A-4746-8A77-1E6200DE7EF9}.Debug|Any CPU.ActiveCfg = Debug|Any CPU
		{A6301152-5D4A-4746-8A77-1E6200DE7EF9}.Debug|Any CPU.Build.0 = Debug|Any CPU
		{A6301152-5D4A-4746-8A77-1E6200DE7EF9}.Release|Any CPU.ActiveCfg = Release|Any CPU
		{A6301152-5D4A-4746-8A77-1E6200DE7EF9}.Release|Any CPU.Build.0 = Release|Any CPU
		{CB260800-3D5C-4A29-8135-B3F6F821FEB7}.Debug|Any CPU.ActiveCfg = Debug|Any CPU
		{CB260800-3D5C-4A29-8135-B3F6F821FEB7}.Debug|Any CPU.Build.0 = Debug|Any CPU
		{CB260800-3D5C-4A29-8135-B3F6F821FEB7}.Release|Any CPU.ActiveCfg = Release|Any CPU
		{CB260800-3D5C-4A29-8135-B3F6F821FEB7}.Release|Any CPU.Build.0 = Release|Any CPU
		{E5B0D876-9986-4543-81FB-D073D82B0268}.Debug|Any CPU.ActiveCfg = Debug|Any CPU
		{E5B0D876-9986-4543-81FB-D073D82B0268}.Debug|Any CPU.Build.0 = Debug|Any CPU
		{E5B0D876-9986-4543-81FB-D073D82B0268}.Release|Any CPU.ActiveCfg = Release|Any CPU
		{E5B0D876-9986-4543-81FB-D073D82B0268}.Release|Any CPU.Build.0 = Release|Any CPU
		{4DC27A5E-2099-471D-B712-027B4FAA9E42}.Debug|Any CPU.ActiveCfg = Debug|Any CPU
		{4DC27A5E-2099-471D-B712-027B4FAA9E42}.Debug|Any CPU.Build.0 = Debug|Any CPU
		{4DC27A5E-2099-471D-B712-027B4FAA9E42}.Release|Any CPU.ActiveCfg = Release|Any CPU
		{4DC27A5E-2099-471D-B712-027B4FAA9E42}.Release|Any CPU.Build.0 = Release|Any CPU
		{1A7B23A4-F0F8-4179-874F-FFE8C33A31E0}.Debug|Any CPU.ActiveCfg = Debug|Any CPU
		{1A7B23A4-F0F8-4179-874F-FFE8C33A31E0}.Debug|Any CPU.Build.0 = Debug|Any CPU
		{1A7B23A4-F0F8-4179-874F-FFE8C33A31E0}.Release|Any CPU.ActiveCfg = Release|Any CPU
		{1A7B23A4-F0F8-4179-874F-FFE8C33A31E0}.Release|Any CPU.Build.0 = Release|Any CPU
		{A8114961-847C-4BC9-BED6-5C6A3E8D4F3F}.Debug|Any CPU.ActiveCfg = Debug|Any CPU
		{A8114961-847C-4BC9-BED6-5C6A3E8D4F3F}.Debug|Any CPU.Build.0 = Debug|Any CPU
		{A8114961-847C-4BC9-BED6-5C6A3E8D4F3F}.Release|Any CPU.ActiveCfg = Release|Any CPU
		{A8114961-847C-4BC9-BED6-5C6A3E8D4F3F}.Release|Any CPU.Build.0 = Release|Any CPU
		{B6BECF65-B4DC-45F1-ABF3-148E292A9574}.Debug|Any CPU.ActiveCfg = Debug|Any CPU
		{B6BECF65-B4DC-45F1-ABF3-148E292A9574}.Debug|Any CPU.Build.0 = Debug|Any CPU
		{B6BECF65-B4DC-45F1-ABF3-148E292A9574}.Release|Any CPU.ActiveCfg = Release|Any CPU
		{B6BECF65-B4DC-45F1-ABF3-148E292A9574}.Release|Any CPU.Build.0 = Release|Any CPU
		{66F24904-2CBB-40B8-97F6-42AF787788B8}.Debug|Any CPU.ActiveCfg = Debug|Any CPU
		{66F24904-2CBB-40B8-97F6-42AF787788B8}.Debug|Any CPU.Build.0 = Debug|Any CPU
		{66F24904-2CBB-40B8-97F6-42AF787788B8}.Release|Any CPU.ActiveCfg = Release|Any CPU
		{66F24904-2CBB-40B8-97F6-42AF787788B8}.Release|Any CPU.Build.0 = Release|Any CPU
		{F8CF1D41-56D8-4CC4-B515-A289B58A52F7}.Debug|Any CPU.ActiveCfg = Debug|Any CPU
		{F8CF1D41-56D8-4CC4-B515-A289B58A52F7}.Debug|Any CPU.Build.0 = Debug|Any CPU
		{F8CF1D41-56D8-4CC4-B515-A289B58A52F7}.Release|Any CPU.ActiveCfg = Release|Any CPU
		{F8CF1D41-56D8-4CC4-B515-A289B58A52F7}.Release|Any CPU.Build.0 = Release|Any CPU
		{796BE02B-A145-4719-9A4E-21676F660BC5}.Debug|Any CPU.ActiveCfg = Debug|Any CPU
		{796BE02B-A145-4719-9A4E-21676F660BC5}.Debug|Any CPU.Build.0 = Debug|Any CPU
		{796BE02B-A145-4719-9A4E-21676F660BC5}.Release|Any CPU.ActiveCfg = Release|Any CPU
		{796BE02B-A145-4719-9A4E-21676F660BC5}.Release|Any CPU.Build.0 = Release|Any CPU
		{4256D37C-DFA6-4BE0-916A-338DED54C7D2}.Debug|Any CPU.ActiveCfg = Debug|Any CPU
		{4256D37C-DFA6-4BE0-916A-338DED54C7D2}.Debug|Any CPU.Build.0 = Debug|Any CPU
		{4256D37C-DFA6-4BE0-916A-338DED54C7D2}.Release|Any CPU.ActiveCfg = Release|Any CPU
		{4256D37C-DFA6-4BE0-916A-338DED54C7D2}.Release|Any CPU.Build.0 = Release|Any CPU
	EndGlobalSection
	GlobalSection(SolutionProperties) = preSolution
		HideSolutionNode = FALSE
	EndGlobalSection
	GlobalSection(ExtensibilityGlobals) = postSolution
		SolutionGuid = {A8AADC08-9B50-4B92-A790-47056B2DB640}
	EndGlobalSection
	GlobalSection(NestedProjects) = preSolution
		{EBB80943-5B05-4780-8605-3C4FB8872FEF} = {45EA8B9A-49B1-4FA6-95C6-DCCCF2DAF27E}
		{1BE22D47-34B1-48F5-91F2-82BE5194B5C0} = {45EA8B9A-49B1-4FA6-95C6-DCCCF2DAF27E}
		{A6301152-5D4A-4746-8A77-1E6200DE7EF9} = {45EA8B9A-49B1-4FA6-95C6-DCCCF2DAF27E}
		{CB260800-3D5C-4A29-8135-B3F6F821FEB7} = {45EA8B9A-49B1-4FA6-95C6-DCCCF2DAF27E}
		{E5B0D876-9986-4543-81FB-D073D82B0268} = {45EA8B9A-49B1-4FA6-95C6-DCCCF2DAF27E}
		{4DC27A5E-2099-471D-B712-027B4FAA9E42} = {45EA8B9A-49B1-4FA6-95C6-DCCCF2DAF27E}
		{1A7B23A4-F0F8-4179-874F-FFE8C33A31E0} = {45EA8B9A-49B1-4FA6-95C6-DCCCF2DAF27E}
		{A8114961-847C-4BC9-BED6-5C6A3E8D4F3F} = {45EA8B9A-49B1-4FA6-95C6-DCCCF2DAF27E}
		{B6BECF65-B4DC-45F1-ABF3-148E292A9574} = {45EA8B9A-49B1-4FA6-95C6-DCCCF2DAF27E}
		{66F24904-2CBB-40B8-97F6-42AF787788B8} = {45EA8B9A-49B1-4FA6-95C6-DCCCF2DAF27E}
		{F8CF1D41-56D8-4CC4-B515-A289B58A52F7} = {45EA8B9A-49B1-4FA6-95C6-DCCCF2DAF27E}
		{796BE02B-A145-4719-9A4E-21676F660BC5} = {45EA8B9A-49B1-4FA6-95C6-DCCCF2DAF27E}
		{7F1AD85A-BEF9-4443-96AC-B2F02E1F8D83} = {662332CB-460C-4BEE-8AC1-7C351346C783}
		{4256D37C-DFA6-4BE0-916A-338DED54C7D2} = {7F1AD85A-BEF9-4443-96AC-B2F02E1F8D83}
	EndGlobalSection
EndGlobal
